{
  "name": "ajs-test",
  "version": "1.0.0",
  "lockfileVersion": 3,
  "requires": true,
  "packages": {
    "": {
      "name": "ajs-test",
      "version": "1.0.0",
      "license": "ISC",
      "dependencies": {
        "@nataless/ajs": "^1.0.0"
      }
    },
    "node_modules/@nataless/ajs": {
      "version": "1.0.0",
      "resolved": "https://npm.pkg.github.com/download/@nataless/ajs/1.0.0/64be9e3a3d571d95926be4c8353278a57d49983a",
      "integrity": "sha512-KQqTvhTkdgrD4CFwKnMvkQEdsem+3wvtOHcxO7brcPCDiT2rYBQfvdAhxipkUN3/+3LTtmoD0eqmfzs4lCEcuQ==",
      "license": "ISC"
    }
  }
}
